
Microsoft Visual Studio Solution File, Format Version 12.00
# Visual Studio 15
VisualStudioVersion = 15.0.28307.106
MinimumVisualStudioVersion = 10.0.40219.1
Project("{FAE04EC0-301F-11D3-BF4B-00C04F79EFBC}") = "SampleCICD20190116", "SampleCICD20190116\SampleCICD20190116.csproj", "{C372706A-6940-4D54-8A8A-CAF5DAFF595F}"
EndProject
Global
	GlobalSection(SolutionConfigurationPlatforms) = preSolution
		Debug|Any CPU = Debug|Any CPU
		Release|Any CPU = Release|Any CPU
	EndGlobalSection
	GlobalSection(ProjectConfigurationPlatforms) = postSolution
		{C372706A-6940-4D54-8A8A-CAF5DAFF595F}.Debug|Any CPU.ActiveCfg = Debug|Any CPU
		{C372706A-6940-4D54-8A8A-CAF5DAFF595F}.Debug|Any CPU.Build.0 = Debug|Any CPU
		{C372706A-6940-4D54-8A8A-CAF5DAFF595F}.Release|Any CPU.ActiveCfg = Release|Any CPU
		{C372706A-6940-4D54-8A8A-CAF5DAFF595F}.Release|Any CPU.Build.0 = Release|Any CPU
	EndGlobalSection
	GlobalSection(SolutionProperties) = preSolution
		HideSolutionNode = FALSE
	EndGlobalSection
	GlobalSection(ExtensibilityGlobals) = postSolution
		SolutionGuid = {EA75B07D-0935-4DEF-A048-7F57CCACF693}
	EndGlobalSection
EndGlobal
